{
  "name": "probabilidades-probability",
  "version": "1.0.0",
  "lockfileVersion": 3,
  "requires": true,
  "packages": {
    "": {
      "name": "probabilidades-probability",
      "version": "1.0.0",
      "license": "ISC",
      "dependencies": {
        "probability-distributions": "^0.9.1"
      }
    },
    "node_modules/crypto": {
      "version": "0.0.3",
      "resolved": "https://registry.npmjs.org/crypto/-/crypto-0.0.3.tgz",
      "integrity": "sha512-Q6Ka98WcvWXXg+9cnqd3jHpTSIOaH6/q0m/bESMfQo/0uFxy6e/7EqVS4JdaWx9qLdqV56tDufy2b12dj7BHJg==",
      "deprecated": "This package is no longer supported. It's now a built-in Node module. If you've depended on crypto, you should switch to the one that's built-in.",
      "engines": {
        "node": "*"
      }
    },
    "node_modules/probability-distributions": {
      "version": "0.9.1",
      "resolved": "https://registry.npmjs.org/probability-distributions/-/probability-distributions-0.9.1.tgz",
      "integrity": "sha512-guES77A321GzcK6swYmxhBeYQ10UNyiG0Gf4Ks+3239BuS27EFH/rrlfBW/oYlPyiufdey/3OlVqKvlXFB9LTQ==",
      "dependencies": {
        "crypto": "0.0.3"
      }
    }
  }
}
